
Microsoft Visual Studio Solution File, Format Version 12.00
# Visual Studio Version 17
VisualStudioVersion = 17.11.35222.181
MinimumVisualStudioVersion = 10.0.40219.1
Project("{FAE04EC0-301F-11D3-BF4B-00C04F79EFBC}") = "WebGeometry", "WebGeometry\WebGeometry.csproj", "{517BDD7E-A296-4E96-9D5F-D20E382CEDF1}"
EndProject
Global
	GlobalSection(SolutionConfigurationPlatforms) = preSolution
		Debug|Any CPU = Debug|Any CPU
		Release|Any CPU = Release|Any CPU
	EndGlobalSection
	GlobalSection(ProjectConfigurationPlatforms) = postSolution
		{517BDD7E-A296-4E96-9D5F-D20E382CEDF1}.Debug|Any CPU.ActiveCfg = Debug|Any CPU
		{517BDD7E-A296-4E96-9D5F-D20E382CEDF1}.Debug|Any CPU.Build.0 = Debug|Any CPU
		{517BDD7E-A296-4E96-9D5F-D20E382CEDF1}.Release|Any CPU.ActiveCfg = Release|Any CPU
		{517BDD7E-A296-4E96-9D5F-D20E382CEDF1}.Release|Any CPU.Build.0 = Release|Any CPU
	EndGlobalSection
	GlobalSection(SolutionProperties) = preSolution
		HideSolutionNode = FALSE
	EndGlobalSection
	GlobalSection(ExtensibilityGlobals) = postSolution
		SolutionGuid = {5C4D0972-6ADE-4BB9-A288-D43FDD25D5CB}
	EndGlobalSection
EndGlobal
