
Microsoft Visual Studio Solution File, Format Version 12.00
# Visual Studio Version 17
VisualStudioVersion = 17.11.35222.181
MinimumVisualStudioVersion = 10.0.40219.1
Project("{FAE04EC0-301F-11D3-BF4B-00C04F79EFBC}") = "WebGraphics", "WebGraphics\WebGraphics.csproj", "{6F943CE0-B06A-4E30-9C1F-7F0823357DEE}"
EndProject
Global
	GlobalSection(SolutionConfigurationPlatforms) = preSolution
		Debug|Any CPU = Debug|Any CPU
		Release|Any CPU = Release|Any CPU
	EndGlobalSection
	GlobalSection(ProjectConfigurationPlatforms) = postSolution
		{6F943CE0-B06A-4E30-9C1F-7F0823357DEE}.Debug|Any CPU.ActiveCfg = Debug|Any CPU
		{6F943CE0-B06A-4E30-9C1F-7F0823357DEE}.Debug|Any CPU.Build.0 = Debug|Any CPU
		{6F943CE0-B06A-4E30-9C1F-7F0823357DEE}.Release|Any CPU.ActiveCfg = Release|Any CPU
		{6F943CE0-B06A-4E30-9C1F-7F0823357DEE}.Release|Any CPU.Build.0 = Release|Any CPU
	EndGlobalSection
	GlobalSection(SolutionProperties) = preSolution
		HideSolutionNode = FALSE
	EndGlobalSection
	GlobalSection(ExtensibilityGlobals) = postSolution
		SolutionGuid = {38F51B17-3276-4552-AEDE-A03EDBC1FF77}
	EndGlobalSection
EndGlobal
